
Microsoft Visual Studio Solution File, Format Version 12.00
# Visual Studio 14
VisualStudioVersion = 14.0.24720.0
MinimumVisualStudioVersion = 10.0.40219.1
Project("{FAE04EC0-301F-11D3-BF4B-00C04F79EFBC}") = "Problem 01", "Problem 01\Problem 01.csproj", "{6869E3DE-2F68-4BC1-9AA2-874F6AAEF9E4}"
EndProject
Project("{FAE04EC0-301F-11D3-BF4B-00C04F79EFBC}") = "Problem 02", "Problem 02\Problem 02.csproj", "{EC572C51-C9F5-4647-9526-CDE7A7FFFEB7}"
EndProject
Project("{FAE04EC0-301F-11D3-BF4B-00C04F79EFBC}") = "Problem 05", "Problem 05\Problem 05.csproj", "{97FAF17E-9780-468B-84A7-1D9583FACEEF}"
EndProject
Project("{FAE04EC0-301F-11D3-BF4B-00C04F79EFBC}") = "Problem 04", "Problem 04\Problem 04.csproj", "{6DF37E57-7126-4232-AE32-40E129C897D8}"
EndProject
Project("{FAE04EC0-301F-11D3-BF4B-00C04F79EFBC}") = "Problem 03", "Problem 03\Problem 03.csproj", "{2B4EF1E0-8D5B-46F2-B87A-57CAAD36299D}"
EndProject
Project("{FAE04EC0-301F-11D3-BF4B-00C04F79EFBC}") = "Problem 03_new", "Problem 03_new\Problem 03_new.csproj", "{CF461041-759C-4BE9-9B83-9BFFA4364180}"
EndProject
Global
	GlobalSection(SolutionConfigurationPlatforms) = preSolution
		Debug|Any CPU = Debug|Any CPU
		Release|Any CPU = Release|Any CPU
	EndGlobalSection
	GlobalSection(ProjectConfigurationPlatforms) = postSolution
		{6869E3DE-2F68-4BC1-9AA2-874F6AAEF9E4}.Debug|Any CPU.ActiveCfg = Debug|Any CPU
		{6869E3DE-2F68-4BC1-9AA2-874F6AAEF9E4}.Debug|Any CPU.Build.0 = Debug|Any CPU
		{6869E3DE-2F68-4BC1-9AA2-874F6AAEF9E4}.Release|Any CPU.ActiveCfg = Release|Any CPU
		{6869E3DE-2F68-4BC1-9AA2-874F6AAEF9E4}.Release|Any CPU.Build.0 = Release|Any CPU
		{EC572C51-C9F5-4647-9526-CDE7A7FFFEB7}.Debug|Any CPU.ActiveCfg = Debug|Any CPU
		{EC572C51-C9F5-4647-9526-CDE7A7FFFEB7}.Debug|Any CPU.Build.0 = Debug|Any CPU
		{EC572C51-C9F5-4647-9526-CDE7A7FFFEB7}.Release|Any CPU.ActiveCfg = Release|Any CPU
		{EC572C51-C9F5-4647-9526-CDE7A7FFFEB7}.Release|Any CPU.Build.0 = Release|Any CPU
		{97FAF17E-9780-468B-84A7-1D9583FACEEF}.Debug|Any CPU.ActiveCfg = Debug|Any CPU
		{97FAF17E-9780-468B-84A7-1D9583FACEEF}.Debug|Any CPU.Build.0 = Debug|Any CPU
		{97FAF17E-9780-468B-84A7-1D9583FACEEF}.Release|Any CPU.ActiveCfg = Release|Any CPU
		{97FAF17E-9780-468B-84A7-1D9583FACEEF}.Release|Any CPU.Build.0 = Release|Any CPU
		{6DF37E57-7126-4232-AE32-40E129C897D8}.Debug|Any CPU.ActiveCfg = Debug|Any CPU
		{6DF37E57-7126-4232-AE32-40E129C897D8}.Debug|Any CPU.Build.0 = Debug|Any CPU
		{6DF37E57-7126-4232-AE32-40E129C897D8}.Release|Any CPU.ActiveCfg = Release|Any CPU
		{6DF37E57-7126-4232-AE32-40E129C897D8}.Release|Any CPU.Build.0 = Release|Any CPU
		{2B4EF1E0-8D5B-46F2-B87A-57CAAD36299D}.Debug|Any CPU.ActiveCfg = Debug|Any CPU
		{2B4EF1E0-8D5B-46F2-B87A-57CAAD36299D}.Debug|Any CPU.Build.0 = Debug|Any CPU
		{2B4EF1E0-8D5B-46F2-B87A-57CAAD36299D}.Release|Any CPU.ActiveCfg = Release|Any CPU
		{2B4EF1E0-8D5B-46F2-B87A-57CAAD36299D}.Release|Any CPU.Build.0 = Release|Any CPU
		{CF461041-759C-4BE9-9B83-9BFFA4364180}.Debug|Any CPU.ActiveCfg = Debug|Any CPU
		{CF461041-759C-4BE9-9B83-9BFFA4364180}.Debug|Any CPU.Build.0 = Debug|Any CPU
		{CF461041-759C-4BE9-9B83-9BFFA4364180}.Release|Any CPU.ActiveCfg = Release|Any CPU
		{CF461041-759C-4BE9-9B83-9BFFA4364180}.Release|Any CPU.Build.0 = Release|Any CPU
	EndGlobalSection
	GlobalSection(SolutionProperties) = preSolution
		HideSolutionNode = FALSE
	EndGlobalSection
EndGlobal
