
Microsoft Visual Studio Solution File, Format Version 12.00
# Visual Studio 14
VisualStudioVersion = 14.0.24720.0
MinimumVisualStudioVersion = 10.0.40219.1
Project("{FAE04EC0-301F-11D3-BF4B-00C04F79EFBC}") = "Database", "Database\Database.csproj", "{34E046EB-AB5E-488B-A27C-955F12FBA904}"
EndProject
Project("{FAE04EC0-301F-11D3-BF4B-00C04F79EFBC}") = "Database.Test", "Database.Test\Database.Test.csproj", "{14D529B2-60B0-4F15-A434-CCE067A32B31}"
EndProject
Global
	GlobalSection(SolutionConfigurationPlatforms) = preSolution
		Debug|Any CPU = Debug|Any CPU
		Release|Any CPU = Release|Any CPU
	EndGlobalSection
	GlobalSection(ProjectConfigurationPlatforms) = postSolution
		{34E046EB-AB5E-488B-A27C-955F12FBA904}.Debug|Any CPU.ActiveCfg = Debug|Any CPU
		{34E046EB-AB5E-488B-A27C-955F12FBA904}.Debug|Any CPU.Build.0 = Debug|Any CPU
		{34E046EB-AB5E-488B-A27C-955F12FBA904}.Release|Any CPU.ActiveCfg = Release|Any CPU
		{34E046EB-AB5E-488B-A27C-955F12FBA904}.Release|Any CPU.Build.0 = Release|Any CPU
		{14D529B2-60B0-4F15-A434-CCE067A32B31}.Debug|Any CPU.ActiveCfg = Debug|Any CPU
		{14D529B2-60B0-4F15-A434-CCE067A32B31}.Debug|Any CPU.Build.0 = Debug|Any CPU
		{14D529B2-60B0-4F15-A434-CCE067A32B31}.Release|Any CPU.ActiveCfg = Release|Any CPU
		{14D529B2-60B0-4F15-A434-CCE067A32B31}.Release|Any CPU.Build.0 = Release|Any CPU
	EndGlobalSection
	GlobalSection(SolutionProperties) = preSolution
		HideSolutionNode = FALSE
	EndGlobalSection
EndGlobal
